
Microsoft Visual Studio Solution File, Format Version 12.00
# Visual Studio 15
Project("{FAE04EC0-301F-11D3-BF4B-00C04F79EFBC}") = "Exercise1", "W3_Questions\Exercise1.csproj", "{B91ABAB9-37EE-4671-A93F-57C805845356}"
EndProject
Project("{FAE04EC0-301F-11D3-BF4B-00C04F79EFBC}") = "Exercise2", "SumTwoNumbers\Exercise2.csproj", "{A15A0685-5F0E-4566-904B-0B1D6C48EBD6}"
EndProject
Project("{FAE04EC0-301F-11D3-BF4B-00C04F79EFBC}") = "Exercise3", "Exercise3\Exercise3.csproj", "{9228F487-6CA6-4CEC-902C-8A8232A6E991}"
EndProject
Project("{FAE04EC0-301F-11D3-BF4B-00C04F79EFBC}") = "Exercise4", "Exercise4\Exercise4.csproj", "{205DB7E9-13DF-4678-80B7-CF82382199AD}"
EndProject
Project("{FAE04EC0-301F-11D3-BF4B-00C04F79EFBC}") = "Exercise5", "Exercise5\Exercise5.csproj", "{AEC78766-A24E-4F82-980F-F7B911868AF6}"
EndProject
Project("{FAE04EC0-301F-11D3-BF4B-00C04F79EFBC}") = "Exercise6", "Exercise6\Exercise6.csproj", "{D5F19BD0-955C-4D53-8631-8E07E0D95286}"
EndProject
Project("{FAE04EC0-301F-11D3-BF4B-00C04F79EFBC}") = "Exercise7", "Exercise7\Exercise7.csproj", "{53587F24-542D-4268-8C93-1651FB436ACD}"
EndProject
Project("{FAE04EC0-301F-11D3-BF4B-00C04F79EFBC}") = "Exercise8", "Exercise8\Exercise8.csproj", "{B9078ACD-C66B-43D5-A4AA-D897B6860185}"
EndProject
Project("{FAE04EC0-301F-11D3-BF4B-00C04F79EFBC}") = "Exercise9", "Exercise9\Exercise9.csproj", "{7F3E18A0-9FC8-4A13-BB52-3A2E2106B267}"
EndProject
Project("{FAE04EC0-301F-11D3-BF4B-00C04F79EFBC}") = "Exercise10", "Exercise10\Exercise10.csproj", "{646AEBE8-24A3-4A5F-8F36-3438399C0258}"
EndProject
Project("{FAE04EC0-301F-11D3-BF4B-00C04F79EFBC}") = "Exercise11", "Exercise11\Exercise11.csproj", "{91C8C8A1-0D72-42B8-87C7-3F58C87ED8F1}"
EndProject
Project("{FAE04EC0-301F-11D3-BF4B-00C04F79EFBC}") = "Exercise12", "Exercise12\Exercise12.csproj", "{05D8EE48-1789-480D-AE55-83BE8E121EB3}"
EndProject
Global
	GlobalSection(SolutionConfigurationPlatforms) = preSolution
		Debug|Any CPU = Debug|Any CPU
		Release|Any CPU = Release|Any CPU
	EndGlobalSection
	GlobalSection(ProjectConfigurationPlatforms) = postSolution
		{B91ABAB9-37EE-4671-A93F-57C805845356}.Debug|Any CPU.ActiveCfg = Debug|Any CPU
		{B91ABAB9-37EE-4671-A93F-57C805845356}.Debug|Any CPU.Build.0 = Debug|Any CPU
		{B91ABAB9-37EE-4671-A93F-57C805845356}.Release|Any CPU.ActiveCfg = Release|Any CPU
		{B91ABAB9-37EE-4671-A93F-57C805845356}.Release|Any CPU.Build.0 = Release|Any CPU
		{A15A0685-5F0E-4566-904B-0B1D6C48EBD6}.Debug|Any CPU.ActiveCfg = Debug|Any CPU
		{A15A0685-5F0E-4566-904B-0B1D6C48EBD6}.Debug|Any CPU.Build.0 = Debug|Any CPU
		{A15A0685-5F0E-4566-904B-0B1D6C48EBD6}.Release|Any CPU.ActiveCfg = Release|Any CPU
		{A15A0685-5F0E-4566-904B-0B1D6C48EBD6}.Release|Any CPU.Build.0 = Release|Any CPU
		{9228F487-6CA6-4CEC-902C-8A8232A6E991}.Debug|Any CPU.ActiveCfg = Debug|Any CPU
		{9228F487-6CA6-4CEC-902C-8A8232A6E991}.Debug|Any CPU.Build.0 = Debug|Any CPU
		{9228F487-6CA6-4CEC-902C-8A8232A6E991}.Release|Any CPU.ActiveCfg = Release|Any CPU
		{9228F487-6CA6-4CEC-902C-8A8232A6E991}.Release|Any CPU.Build.0 = Release|Any CPU
		{205DB7E9-13DF-4678-80B7-CF82382199AD}.Debug|Any CPU.ActiveCfg = Debug|Any CPU
		{205DB7E9-13DF-4678-80B7-CF82382199AD}.Debug|Any CPU.Build.0 = Debug|Any CPU
		{205DB7E9-13DF-4678-80B7-CF82382199AD}.Release|Any CPU.ActiveCfg = Release|Any CPU
		{205DB7E9-13DF-4678-80B7-CF82382199AD}.Release|Any CPU.Build.0 = Release|Any CPU
		{AEC78766-A24E-4F82-980F-F7B911868AF6}.Debug|Any CPU.ActiveCfg = Debug|Any CPU
		{AEC78766-A24E-4F82-980F-F7B911868AF6}.Debug|Any CPU.Build.0 = Debug|Any CPU
		{AEC78766-A24E-4F82-980F-F7B911868AF6}.Release|Any CPU.ActiveCfg = Release|Any CPU
		{AEC78766-A24E-4F82-980F-F7B911868AF6}.Release|Any CPU.Build.0 = Release|Any CPU
		{D5F19BD0-955C-4D53-8631-8E07E0D95286}.Debug|Any CPU.ActiveCfg = Debug|Any CPU
		{D5F19BD0-955C-4D53-8631-8E07E0D95286}.Debug|Any CPU.Build.0 = Debug|Any CPU
		{D5F19BD0-955C-4D53-8631-8E07E0D95286}.Release|Any CPU.ActiveCfg = Release|Any CPU
		{D5F19BD0-955C-4D53-8631-8E07E0D95286}.Release|Any CPU.Build.0 = Release|Any CPU
		{53587F24-542D-4268-8C93-1651FB436ACD}.Debug|Any CPU.ActiveCfg = Debug|Any CPU
		{53587F24-542D-4268-8C93-1651FB436ACD}.Debug|Any CPU.Build.0 = Debug|Any CPU
		{53587F24-542D-4268-8C93-1651FB436ACD}.Release|Any CPU.ActiveCfg = Release|Any CPU
		{53587F24-542D-4268-8C93-1651FB436ACD}.Release|Any CPU.Build.0 = Release|Any CPU
		{B9078ACD-C66B-43D5-A4AA-D897B6860185}.Debug|Any CPU.ActiveCfg = Debug|Any CPU
		{B9078ACD-C66B-43D5-A4AA-D897B6860185}.Debug|Any CPU.Build.0 = Debug|Any CPU
		{B9078ACD-C66B-43D5-A4AA-D897B6860185}.Release|Any CPU.ActiveCfg = Release|Any CPU
		{B9078ACD-C66B-43D5-A4AA-D897B6860185}.Release|Any CPU.Build.0 = Release|Any CPU
		{7F3E18A0-9FC8-4A13-BB52-3A2E2106B267}.Debug|Any CPU.ActiveCfg = Debug|Any CPU
		{7F3E18A0-9FC8-4A13-BB52-3A2E2106B267}.Debug|Any CPU.Build.0 = Debug|Any CPU
		{7F3E18A0-9FC8-4A13-BB52-3A2E2106B267}.Release|Any CPU.ActiveCfg = Release|Any CPU
		{7F3E18A0-9FC8-4A13-BB52-3A2E2106B267}.Release|Any CPU.Build.0 = Release|Any CPU
		{646AEBE8-24A3-4A5F-8F36-3438399C0258}.Debug|Any CPU.ActiveCfg = Debug|Any CPU
		{646AEBE8-24A3-4A5F-8F36-3438399C0258}.Debug|Any CPU.Build.0 = Debug|Any CPU
		{646AEBE8-24A3-4A5F-8F36-3438399C0258}.Release|Any CPU.ActiveCfg = Release|Any CPU
		{646AEBE8-24A3-4A5F-8F36-3438399C0258}.Release|Any CPU.Build.0 = Release|Any CPU
		{91C8C8A1-0D72-42B8-87C7-3F58C87ED8F1}.Debug|Any CPU.ActiveCfg = Debug|Any CPU
		{91C8C8A1-0D72-42B8-87C7-3F58C87ED8F1}.Debug|Any CPU.Build.0 = Debug|Any CPU
		{91C8C8A1-0D72-42B8-87C7-3F58C87ED8F1}.Release|Any CPU.ActiveCfg = Release|Any CPU
		{91C8C8A1-0D72-42B8-87C7-3F58C87ED8F1}.Release|Any CPU.Build.0 = Release|Any CPU
		{05D8EE48-1789-480D-AE55-83BE8E121EB3}.Debug|Any CPU.ActiveCfg = Debug|Any CPU
		{05D8EE48-1789-480D-AE55-83BE8E121EB3}.Debug|Any CPU.Build.0 = Debug|Any CPU
		{05D8EE48-1789-480D-AE55-83BE8E121EB3}.Release|Any CPU.ActiveCfg = Release|Any CPU
		{05D8EE48-1789-480D-AE55-83BE8E121EB3}.Release|Any CPU.Build.0 = Release|Any CPU
	EndGlobalSection
EndGlobal
