
Microsoft Visual Studio Solution File, Format Version 12.00
# Visual Studio 15
Project("{FAE04EC0-301F-11D3-BF4B-00C04F79EFBC}") = "Exercise1", "W3_BasicAlgorithms\Exercise1.csproj", "{9BBA6073-9633-4F1E-B661-301C04045732}"
EndProject
Project("{FAE04EC0-301F-11D3-BF4B-00C04F79EFBC}") = "Exercise2", "Exercise2\Exercise2.csproj", "{CE4CE4CC-23AC-45F1-9B92-0CEF1B6560BB}"
EndProject
Global
	GlobalSection(SolutionConfigurationPlatforms) = preSolution
		Debug|Any CPU = Debug|Any CPU
		Release|Any CPU = Release|Any CPU
	EndGlobalSection
	GlobalSection(ProjectConfigurationPlatforms) = postSolution
		{9BBA6073-9633-4F1E-B661-301C04045732}.Debug|Any CPU.ActiveCfg = Debug|Any CPU
		{9BBA6073-9633-4F1E-B661-301C04045732}.Debug|Any CPU.Build.0 = Debug|Any CPU
		{9BBA6073-9633-4F1E-B661-301C04045732}.Release|Any CPU.ActiveCfg = Release|Any CPU
		{9BBA6073-9633-4F1E-B661-301C04045732}.Release|Any CPU.Build.0 = Release|Any CPU
		{CE4CE4CC-23AC-45F1-9B92-0CEF1B6560BB}.Debug|Any CPU.ActiveCfg = Debug|Any CPU
		{CE4CE4CC-23AC-45F1-9B92-0CEF1B6560BB}.Debug|Any CPU.Build.0 = Debug|Any CPU
		{CE4CE4CC-23AC-45F1-9B92-0CEF1B6560BB}.Release|Any CPU.ActiveCfg = Release|Any CPU
		{CE4CE4CC-23AC-45F1-9B92-0CEF1B6560BB}.Release|Any CPU.Build.0 = Release|Any CPU
	EndGlobalSection
EndGlobal
