
Microsoft Visual Studio Solution File, Format Version 12.00
# Visual Studio 15
Project("{FAE04EC0-301F-11D3-BF4B-00C04F79EFBC}") = "CircleCalculator", "algos\CircleCalculator.csproj", "{272E4750-372D-40CD-89C2-B53340E35E01}"
EndProject
Project("{FAE04EC0-301F-11D3-BF4B-00C04F79EFBC}") = "ReverseString", "algos2\ReverseString.csproj", "{ADFB194B-6FE4-4707-84D0-ECCAD397A625}"
EndProject
Global
	GlobalSection(SolutionConfigurationPlatforms) = preSolution
		Debug|Any CPU = Debug|Any CPU
		Release|Any CPU = Release|Any CPU
	EndGlobalSection
	GlobalSection(ProjectConfigurationPlatforms) = postSolution
		{272E4750-372D-40CD-89C2-B53340E35E01}.Debug|Any CPU.ActiveCfg = Debug|Any CPU
		{272E4750-372D-40CD-89C2-B53340E35E01}.Debug|Any CPU.Build.0 = Debug|Any CPU
		{272E4750-372D-40CD-89C2-B53340E35E01}.Release|Any CPU.ActiveCfg = Release|Any CPU
		{272E4750-372D-40CD-89C2-B53340E35E01}.Release|Any CPU.Build.0 = Release|Any CPU
		{ADFB194B-6FE4-4707-84D0-ECCAD397A625}.Debug|Any CPU.ActiveCfg = Debug|Any CPU
		{ADFB194B-6FE4-4707-84D0-ECCAD397A625}.Debug|Any CPU.Build.0 = Debug|Any CPU
		{ADFB194B-6FE4-4707-84D0-ECCAD397A625}.Release|Any CPU.ActiveCfg = Release|Any CPU
		{ADFB194B-6FE4-4707-84D0-ECCAD397A625}.Release|Any CPU.Build.0 = Release|Any CPU
	EndGlobalSection
EndGlobal
